
Microsoft Visual Studio Solution File, Format Version 12.00
# Visual Studio Version 16
VisualStudioVersion = 16.0.31624.102
MinimumVisualStudioVersion = 10.0.40219.1
Project("{FAE04EC0-301F-11D3-BF4B-00C04F79EFBC}") = "Practico04.UI", "Practico04.UI.csproj", "{7AC3B6A0-BBC4-478C-88FE-1A56C6D000D7}"
EndProject
Project("{FAE04EC0-301F-11D3-BF4B-00C04F79EFBC}") = "Practico04.Logic", "..\Practico04.Logic\Practico04.Logic.csproj", "{DD5A7FF8-3A6A-4A71-8160-20D41D5E9771}"
EndProject
Project("{FAE04EC0-301F-11D3-BF4B-00C04F79EFBC}") = "Practico04.Data", "..\Practico04.Data\Practico04.Data.csproj", "{C20A4E21-2B1B-4D2F-A107-550700FCDA2A}"
EndProject
Project("{FAE04EC0-301F-11D3-BF4B-00C04F79EFBC}") = "Practico04.Entities", "..\Practico04.Entities\Practico04.Entities.csproj", "{7A37ECA4-E3E9-45E0-AA1D-84C4A9AB3483}"
EndProject
Project("{FAE04EC0-301F-11D3-BF4B-00C04F79EFBC}") = "Practico07.MVC", "..\Practico07.MVC\Practico07.MVC.csproj", "{EA60AE72-EE52-478C-B07B-D38B0EBF4B0F}"
EndProject
Project("{FAE04EC0-301F-11D3-BF4B-00C04F79EFBC}") = "Practico08.WebApi", "..\Practico08.WebApi\Practico08.WebApi.csproj", "{AD3219FE-4B1A-4FAF-92A0-C3B864567E2A}"
EndProject
Global
	GlobalSection(SolutionConfigurationPlatforms) = preSolution
		Debug|Any CPU = Debug|Any CPU
		Release|Any CPU = Release|Any CPU
	EndGlobalSection
	GlobalSection(ProjectConfigurationPlatforms) = postSolution
		{7AC3B6A0-BBC4-478C-88FE-1A56C6D000D7}.Debug|Any CPU.ActiveCfg = Debug|Any CPU
		{7AC3B6A0-BBC4-478C-88FE-1A56C6D000D7}.Debug|Any CPU.Build.0 = Debug|Any CPU
		{7AC3B6A0-BBC4-478C-88FE-1A56C6D000D7}.Release|Any CPU.ActiveCfg = Release|Any CPU
		{7AC3B6A0-BBC4-478C-88FE-1A56C6D000D7}.Release|Any CPU.Build.0 = Release|Any CPU
		{DD5A7FF8-3A6A-4A71-8160-20D41D5E9771}.Debug|Any CPU.ActiveCfg = Debug|Any CPU
		{DD5A7FF8-3A6A-4A71-8160-20D41D5E9771}.Debug|Any CPU.Build.0 = Debug|Any CPU
		{DD5A7FF8-3A6A-4A71-8160-20D41D5E9771}.Release|Any CPU.ActiveCfg = Release|Any CPU
		{DD5A7FF8-3A6A-4A71-8160-20D41D5E9771}.Release|Any CPU.Build.0 = Release|Any CPU
		{C20A4E21-2B1B-4D2F-A107-550700FCDA2A}.Debug|Any CPU.ActiveCfg = Debug|Any CPU
		{C20A4E21-2B1B-4D2F-A107-550700FCDA2A}.Debug|Any CPU.Build.0 = Debug|Any CPU
		{C20A4E21-2B1B-4D2F-A107-550700FCDA2A}.Release|Any CPU.ActiveCfg = Release|Any CPU
		{C20A4E21-2B1B-4D2F-A107-550700FCDA2A}.Release|Any CPU.Build.0 = Release|Any CPU
		{7A37ECA4-E3E9-45E0-AA1D-84C4A9AB3483}.Debug|Any CPU.ActiveCfg = Debug|Any CPU
		{7A37ECA4-E3E9-45E0-AA1D-84C4A9AB3483}.Debug|Any CPU.Build.0 = Debug|Any CPU
		{7A37ECA4-E3E9-45E0-AA1D-84C4A9AB3483}.Release|Any CPU.ActiveCfg = Release|Any CPU
		{7A37ECA4-E3E9-45E0-AA1D-84C4A9AB3483}.Release|Any CPU.Build.0 = Release|Any CPU
		{EA60AE72-EE52-478C-B07B-D38B0EBF4B0F}.Debug|Any CPU.ActiveCfg = Debug|Any CPU
		{EA60AE72-EE52-478C-B07B-D38B0EBF4B0F}.Debug|Any CPU.Build.0 = Debug|Any CPU
		{EA60AE72-EE52-478C-B07B-D38B0EBF4B0F}.Release|Any CPU.ActiveCfg = Release|Any CPU
		{EA60AE72-EE52-478C-B07B-D38B0EBF4B0F}.Release|Any CPU.Build.0 = Release|Any CPU
		{AD3219FE-4B1A-4FAF-92A0-C3B864567E2A}.Debug|Any CPU.ActiveCfg = Debug|Any CPU
		{AD3219FE-4B1A-4FAF-92A0-C3B864567E2A}.Debug|Any CPU.Build.0 = Debug|Any CPU
		{AD3219FE-4B1A-4FAF-92A0-C3B864567E2A}.Release|Any CPU.ActiveCfg = Release|Any CPU
		{AD3219FE-4B1A-4FAF-92A0-C3B864567E2A}.Release|Any CPU.Build.0 = Release|Any CPU
	EndGlobalSection
	GlobalSection(SolutionProperties) = preSolution
		HideSolutionNode = FALSE
	EndGlobalSection
	GlobalSection(ExtensibilityGlobals) = postSolution
		SolutionGuid = {8805FE00-77CC-459E-A54A-1BACCBD6BA75}
	EndGlobalSection
EndGlobal
