
Microsoft Visual Studio Solution File, Format Version 12.00
# Visual Studio Version 16
VisualStudioVersion = 16.0.31624.102
MinimumVisualStudioVersion = 10.0.40219.1
Project("{FAE04EC0-301F-11D3-BF4B-00C04F79EFBC}") = "Practico05.Data", "Practico05.Data.csproj", "{EC597481-53D9-4A7E-AB8C-44DCE85A969B}"
EndProject
Project("{FAE04EC0-301F-11D3-BF4B-00C04F79EFBC}") = "Practico05.Logic", "..\Practico05.Logic\Practico05.Logic.csproj", "{D45274C3-032D-4745-9658-3AFD0BBD1820}"
EndProject
Project("{FAE04EC0-301F-11D3-BF4B-00C04F79EFBC}") = "Practico05.Entities", "..\Practico05.Entities\Practico05.Entities.csproj", "{A008A175-CF10-4049-8976-26A17C50FEDB}"
EndProject
Project("{FAE04EC0-301F-11D3-BF4B-00C04F79EFBC}") = "Practico05.UnitTest", "..\Practico05.UnitTest\Practico05.UnitTest.csproj", "{BE9326EC-D3A6-479B-BE67-A30CF35275FB}"
EndProject
Global
	GlobalSection(SolutionConfigurationPlatforms) = preSolution
		Debug|Any CPU = Debug|Any CPU
		Release|Any CPU = Release|Any CPU
	EndGlobalSection
	GlobalSection(ProjectConfigurationPlatforms) = postSolution
		{EC597481-53D9-4A7E-AB8C-44DCE85A969B}.Debug|Any CPU.ActiveCfg = Debug|Any CPU
		{EC597481-53D9-4A7E-AB8C-44DCE85A969B}.Debug|Any CPU.Build.0 = Debug|Any CPU
		{EC597481-53D9-4A7E-AB8C-44DCE85A969B}.Release|Any CPU.ActiveCfg = Release|Any CPU
		{EC597481-53D9-4A7E-AB8C-44DCE85A969B}.Release|Any CPU.Build.0 = Release|Any CPU
		{D45274C3-032D-4745-9658-3AFD0BBD1820}.Debug|Any CPU.ActiveCfg = Debug|Any CPU
		{D45274C3-032D-4745-9658-3AFD0BBD1820}.Debug|Any CPU.Build.0 = Debug|Any CPU
		{D45274C3-032D-4745-9658-3AFD0BBD1820}.Release|Any CPU.ActiveCfg = Release|Any CPU
		{D45274C3-032D-4745-9658-3AFD0BBD1820}.Release|Any CPU.Build.0 = Release|Any CPU
		{A008A175-CF10-4049-8976-26A17C50FEDB}.Debug|Any CPU.ActiveCfg = Debug|Any CPU
		{A008A175-CF10-4049-8976-26A17C50FEDB}.Debug|Any CPU.Build.0 = Debug|Any CPU
		{A008A175-CF10-4049-8976-26A17C50FEDB}.Release|Any CPU.ActiveCfg = Release|Any CPU
		{A008A175-CF10-4049-8976-26A17C50FEDB}.Release|Any CPU.Build.0 = Release|Any CPU
		{BE9326EC-D3A6-479B-BE67-A30CF35275FB}.Debug|Any CPU.ActiveCfg = Debug|Any CPU
		{BE9326EC-D3A6-479B-BE67-A30CF35275FB}.Debug|Any CPU.Build.0 = Debug|Any CPU
		{BE9326EC-D3A6-479B-BE67-A30CF35275FB}.Release|Any CPU.ActiveCfg = Release|Any CPU
		{BE9326EC-D3A6-479B-BE67-A30CF35275FB}.Release|Any CPU.Build.0 = Release|Any CPU
	EndGlobalSection
	GlobalSection(SolutionProperties) = preSolution
		HideSolutionNode = FALSE
	EndGlobalSection
	GlobalSection(ExtensibilityGlobals) = postSolution
		SolutionGuid = {2F72585B-EC8B-4C90-A29A-BF47B8F8DFE4}
	EndGlobalSection
EndGlobal
